<?xml version="1.0" encoding="UTF-8"?>
<!DOCTYPE plist PUBLIC "-//Apple//DTD PLIST 1.0//EN" "http://www.apple.com/DTDs/PropertyList-1.0.dtd">
<plist version="1.0">
<dict>
	<key>archiveVersion</key>
	<string>1</string>
	<key>classes</key>
	<dict/>
	<key>objectVersion</key>
	<string>46</string>
	<key>objects</key>
	<dict>
		<key>262591731E8218990077CECD</key>
		<dict>
			<key>fileEncoding</key>
			<string>4</string>
			<key>isa</key>
			<string>PBXFileReference</string>
			<key>lastKnownFileType</key>
			<string>text.plist.strings</string>
			<key>path</key>
			<string>Localizable.strings</string>
			<key>sourceTree</key>
			<string>&lt;group&gt;</string>
		</dict>
		<key>262591741E8218990077CECD</key>
		<dict>
			<key>fileRef</key>
			<string>262591731E8218990077CECD</string>
			<key>isa</key>
			<string>PBXBuildFile</string>
		</dict>
		<key>262591781E82B4640077CECD</key>
		<dict>
			<key>fileEncoding</key>
			<string>4</string>
			<key>isa</key>
			<string>PBXFileReference</string>
			<key>lastKnownFileType</key>
			<string>sourcecode.c.h</string>
			<key>path</key>
			<string>OutfitTableViewCell.h</string>
			<key>sourceTree</key>
			<string>&lt;group&gt;</string>
		</dict>
		<key>262591791E82B4640077CECD</key>
		<dict>
			<key>fileEncoding</key>
			<string>4</string>
			<key>isa</key>
			<string>PBXFileReference</string>
			<key>lastKnownFileType</key>
			<string>sourcecode.c.objc</string>
			<key>path</key>
			<string>OutfitTableViewCell.m</string>
			<key>sourceTree</key>
			<string>&lt;group&gt;</string>
		</dict>
		<key>2625917A1E82B4640077CECD</key>
		<dict>
			<key>fileRef</key>
			<string>262591791E82B4640077CECD</string>
			<key>isa</key>
			<string>PBXBuildFile</string>
		</dict>
		<key>266E2A181E6CE89B00E33929</key>
		<dict>
			<key>children</key>
			<array>
				<string>266E2A231E6CE89C00E33929</string>
				<string>266E2A801E6D181A00E33929</string>
				<string>266E2A3D1E6CE89C00E33929</string>
				<string>266E2A481E6CE89C00E33929</string>
				<string>266E2A221E6CE89C00E33929</string>
				<string>734FB815682F26971969080A</string>
				<string>54E72DA387CACC47D0AEEFC7</string>
			</array>
			<key>isa</key>
			<string>PBXGroup</string>
			<key>sourceTree</key>
			<string>&lt;group&gt;</string>
		</dict>
		<key>266E2A191E6CE89B00E33929</key>
		<dict>
			<key>attributes</key>
			<dict>
				<key>LastUpgradeCheck</key>
				<string>0820</string>
				<key>ORGANIZATIONNAME</key>
				<string>Michael Sevy</string>
				<key>TargetAttributes</key>
				<dict>
					<key>266E2A201E6CE89B00E33929</key>
					<dict>
						<key>CreatedOnToolsVersion</key>
						<string>8.2.1</string>
						<key>DevelopmentTeam</key>
						<string>TKVBVK4237</string>
						<key>LastSwiftMigration</key>
						<string>0820</string>
						<key>ProvisioningStyle</key>
						<string>Automatic</string>
					</dict>
					<key>266E2A391E6CE89C00E33929</key>
					<dict>
						<key>CreatedOnToolsVersion</key>
						<string>8.2.1</string>
						<key>DevelopmentTeam</key>
						<string>TKVBVK4237</string>
						<key>ProvisioningStyle</key>
						<string>Automatic</string>
						<key>TestTargetID</key>
						<string>266E2A201E6CE89B00E33929</string>
					</dict>
					<key>266E2A441E6CE89C00E33929</key>
					<dict>
						<key>CreatedOnToolsVersion</key>
						<string>8.2.1</string>
						<key>DevelopmentTeam</key>
						<string>TKVBVK4237</string>
						<key>ProvisioningStyle</key>
						<string>Automatic</string>
						<key>TestTargetID</key>
						<string>266E2A201E6CE89B00E33929</string>
					</dict>
				</dict>
			</dict>
			<key>buildConfigurationList</key>
			<string>266E2A1C1E6CE89B00E33929</string>
			<key>compatibilityVersion</key>
			<string>Xcode 3.2</string>
			<key>developmentRegion</key>
			<string>English</string>
			<key>hasScannedForEncodings</key>
			<string>0</string>
			<key>isa</key>
			<string>PBXProject</string>
			<key>knownRegions</key>
			<array>
				<string>en</string>
				<string>Base</string>
			</array>
			<key>mainGroup</key>
			<string>266E2A181E6CE89B00E33929</string>
			<key>productRefGroup</key>
			<string>266E2A221E6CE89C00E33929</string>
			<key>projectDirPath</key>
			<string></string>
			<key>projectReferences</key>
			<array/>
			<key>projectRoot</key>
			<string></string>
			<key>targets</key>
			<array>
				<string>266E2A201E6CE89B00E33929</string>
				<string>266E2A391E6CE89C00E33929</string>
				<string>266E2A441E6CE89C00E33929</string>
			</array>
		</dict>
		<key>266E2A1C1E6CE89B00E33929</key>
		<dict>
			<key>buildConfigurations</key>
			<array>
				<string>266E2A4C1E6CE89C00E33929</string>
				<string>266E2A4D1E6CE89C00E33929</string>
			</array>
			<key>defaultConfigurationIsVisible</key>
			<string>0</string>
			<key>defaultConfigurationName</key>
			<string>Release</string>
			<key>isa</key>
			<string>XCConfigurationList</string>
		</dict>
		<key>266E2A1D1E6CE89B00E33929</key>
		<dict>
			<key>buildActionMask</key>
			<string>2147483647</string>
			<key>files</key>
			<array>
				<string>26A5EC351E6FBCAA00FDA52F</string>
				<string>26E9BE5A1E81696B00FC69F0</string>
				<string>2625917A1E82B4640077CECD</string>
				<string>266E2A5F1E6CEBE000E33929</string>
				<string>26A5EC3C1E6FBE6900FDA52F</string>
				<string>26A5EC3F1E6FBF4200FDA52F</string>
				<string>266E2A2C1E6CE89C00E33929</string>
				<string>266E2A291E6CE89C00E33929</string>
				<string>266E2A791E6D0F2C00E33929</string>
				<string>266E2A871E6D18B000E33929</string>
				<string>266E2A7C1E6D0F2C00E33929</string>
				<string>266E2A261E6CE89C00E33929</string>
				<string>266E2A7B1E6D0F2C00E33929</string>
				<string>266E2A591E6CE9BE00E33929</string>
				<string>26A5EC451E6FC0CA00FDA52F</string>
				<string>266E2A7A1E6D0F2C00E33929</string>
				<string>26A5EC481E6FC12200FDA52F</string>
				<string>266E2A621E6D0A5700E33929</string>
				<string>26A5EC421E6FBFBD00FDA52F</string>
				<string>26A5EC2D1E6F83E800FDA52F</string>
			</array>
			<key>isa</key>
			<string>PBXSourcesBuildPhase</string>
			<key>runOnlyForDeploymentPostprocessing</key>
			<string>0</string>
		</dict>
		<key>266E2A1E1E6CE89B00E33929</key>
		<dict>
			<key>buildActionMask</key>
			<string>2147483647</string>
			<key>files</key>
			<array>
				<string>3D0EDA2F59C652105017A33E</string>
			</array>
			<key>isa</key>
			<string>PBXFrameworksBuildPhase</string>
			<key>runOnlyForDeploymentPostprocessing</key>
			<string>0</string>
		</dict>
		<key>266E2A1F1E6CE89B00E33929</key>
		<dict>
			<key>buildActionMask</key>
			<string>2147483647</string>
			<key>files</key>
			<array>
				<string>266E2A311E6CE89C00E33929</string>
				<string>266E2A2F1E6CE89C00E33929</string>
				<string>262591741E8218990077CECD</string>
			</array>
			<key>isa</key>
			<string>PBXResourcesBuildPhase</string>
			<key>runOnlyForDeploymentPostprocessing</key>
			<string>0</string>
		</dict>
		<key>266E2A201E6CE89B00E33929</key>
		<dict>
			<key>buildConfigurationList</key>
			<string>266E2A4E1E6CE89C00E33929</string>
			<key>buildPhases</key>
			<array>
				<string>55887D704D49AF456C5093A7</string>
				<string>266E2A1D1E6CE89B00E33929</string>
				<string>266E2A1E1E6CE89B00E33929</string>
				<string>266E2A1F1E6CE89B00E33929</string>
				<string>967647BA2CB0FEB52B92B0F0</string>
				<string>5D2624C72CAB6FB0EFFD6B43</string>
				<string>266E2A8A1E6D9F3600E33929</string>
			</array>
			<key>buildRules</key>
			<array/>
			<key>dependencies</key>
			<array/>
			<key>isa</key>
			<string>PBXNativeTarget</string>
			<key>name</key>
			<string>Cake</string>
			<key>productName</key>
			<string>Cake</string>
			<key>productReference</key>
			<string>266E2A211E6CE89C00E33929</string>
			<key>productType</key>
			<string>com.apple.product-type.application</string>
		</dict>
		<key>266E2A211E6CE89C00E33929</key>
		<dict>
			<key>explicitFileType</key>
			<string>wrapper.application</string>
			<key>includeInIndex</key>
			<string>0</string>
			<key>isa</key>
			<string>PBXFileReference</string>
			<key>path</key>
			<string>Cake.app</string>
			<key>sourceTree</key>
			<string>BUILT_PRODUCTS_DIR</string>
		</dict>
		<key>266E2A221E6CE89C00E33929</key>
		<dict>
			<key>children</key>
			<array>
				<string>266E2A211E6CE89C00E33929</string>
				<string>266E2A3A1E6CE89C00E33929</string>
				<string>266E2A451E6CE89C00E33929</string>
			</array>
			<key>isa</key>
			<string>PBXGroup</string>
			<key>name</key>
			<string>Products</string>
			<key>sourceTree</key>
			<string>&lt;group&gt;</string>
		</dict>
		<key>266E2A231E6CE89C00E33929</key>
		<dict>
			<key>children</key>
			<array>
				<string>266E2A271E6CE89C00E33929</string>
				<string>266E2A281E6CE89C00E33929</string>
				<string>266E2A2D1E6CE89C00E33929</string>
				<string>266E2A301E6CE89C00E33929</string>
				<string>266E2A5C1E6CEAAD00E33929</string>
				<string>266E2A631E6D0A5F00E33929</string>
				<string>266E2A5A1E6CE9CB00E33929</string>
				<string>26A5EC2A1E6F83BA00FDA52F</string>
				<string>26A5EC361E6FBCC300FDA52F</string>
				<string>266E2A241E6CE89C00E33929</string>
			</array>
			<key>isa</key>
			<string>PBXGroup</string>
			<key>path</key>
			<string>Cake</string>
			<key>sourceTree</key>
			<string>&lt;group&gt;</string>
		</dict>
		<key>266E2A241E6CE89C00E33929</key>
		<dict>
			<key>children</key>
			<array>
				<string>266E2A351E6CE89C00E33929</string>
				<string>266E2A5B1E6CEA8900E33929</string>
				<string>266E2A251E6CE89C00E33929</string>
				<string>262591731E8218990077CECD</string>
			</array>
			<key>isa</key>
			<string>PBXGroup</string>
			<key>name</key>
			<string>Supporting Files</string>
			<key>sourceTree</key>
			<string>&lt;group&gt;</string>
		</dict>
		<key>266E2A251E6CE89C00E33929</key>
		<dict>
			<key>isa</key>
			<string>PBXFileReference</string>
			<key>lastKnownFileType</key>
			<string>sourcecode.c.objc</string>
			<key>path</key>
			<string>main.m</string>
			<key>sourceTree</key>
			<string>&lt;group&gt;</string>
		</dict>
		<key>266E2A261E6CE89C00E33929</key>
		<dict>
			<key>fileRef</key>
			<string>266E2A251E6CE89C00E33929</string>
			<key>isa</key>
			<string>PBXBuildFile</string>
		</dict>
		<key>266E2A271E6CE89C00E33929</key>
		<dict>
			<key>isa</key>
			<string>PBXFileReference</string>
			<key>lastKnownFileType</key>
			<string>sourcecode.c.h</string>
			<key>path</key>
			<string>AppDelegate.h</string>
			<key>sourceTree</key>
			<string>&lt;group&gt;</string>
		</dict>
		<key>266E2A281E6CE89C00E33929</key>
		<dict>
			<key>isa</key>
			<string>PBXFileReference</string>
			<key>lastKnownFileType</key>
			<string>sourcecode.c.objc</string>
			<key>path</key>
			<string>AppDelegate.m</string>
			<key>sourceTree</key>
			<string>&lt;group&gt;</string>
		</dict>
		<key>266E2A291E6CE89C00E33929</key>
		<dict>
			<key>fileRef</key>
			<string>266E2A281E6CE89C00E33929</string>
			<key>isa</key>
			<string>PBXBuildFile</string>
		</dict>
		<key>266E2A2A1E6CE89C00E33929</key>
		<dict>
			<key>isa</key>
			<string>PBXFileReference</string>
			<key>lastKnownFileType</key>
			<string>sourcecode.c.h</string>
			<key>path</key>
			<string>ViewController.h</string>
			<key>sourceTree</key>
			<string>&lt;group&gt;</string>
		</dict>
		<key>266E2A2B1E6CE89C00E33929</key>
		<dict>
			<key>isa</key>
			<string>PBXFileReference</string>
			<key>lastKnownFileType</key>
			<string>sourcecode.c.objc</string>
			<key>path</key>
			<string>ViewController.m</string>
			<key>sourceTree</key>
			<string>&lt;group&gt;</string>
		</dict>
		<key>266E2A2C1E6CE89C00E33929</key>
		<dict>
			<key>fileRef</key>
			<string>266E2A2B1E6CE89C00E33929</string>
			<key>isa</key>
			<string>PBXBuildFile</string>
		</dict>
		<key>266E2A2D1E6CE89C00E33929</key>
		<dict>
			<key>children</key>
			<array>
				<string>266E2A2E1E6CE89C00E33929</string>
			</array>
			<key>isa</key>
			<string>PBXVariantGroup</string>
			<key>name</key>
			<string>Main.storyboard</string>
			<key>sourceTree</key>
			<string>&lt;group&gt;</string>
		</dict>
		<key>266E2A2E1E6CE89C00E33929</key>
		<dict>
			<key>isa</key>
			<string>PBXFileReference</string>
			<key>lastKnownFileType</key>
			<string>file.storyboard</string>
			<key>name</key>
			<string>Base</string>
			<key>path</key>
			<string>Base.lproj/Main.storyboard</string>
			<key>sourceTree</key>
			<string>&lt;group&gt;</string>
		</dict>
		<key>266E2A2F1E6CE89C00E33929</key>
		<dict>
			<key>fileRef</key>
			<string>266E2A2D1E6CE89C00E33929</string>
			<key>isa</key>
			<string>PBXBuildFile</string>
		</dict>
		<key>266E2A301E6CE89C00E33929</key>
		<dict>
			<key>isa</key>
			<string>PBXFileReference</string>
			<key>lastKnownFileType</key>
			<string>folder.assetcatalog</string>
			<key>path</key>
			<string>Assets.xcassets</string>
			<key>sourceTree</key>
			<string>&lt;group&gt;</string>
		</dict>
		<key>266E2A311E6CE89C00E33929</key>
		<dict>
			<key>fileRef</key>
			<string>266E2A301E6CE89C00E33929</string>
			<key>isa</key>
			<string>PBXBuildFile</string>
		</dict>
		<key>266E2A351E6CE89C00E33929</key>
		<dict>
			<key>isa</key>
			<string>PBXFileReference</string>
			<key>lastKnownFileType</key>
			<string>text.plist.xml</string>
			<key>path</key>
			<string>Info.plist</string>
			<key>sourceTree</key>
			<string>&lt;group&gt;</string>
		</dict>
		<key>266E2A361E6CE89C00E33929</key>
		<dict>
			<key>buildActionMask</key>
			<string>2147483647</string>
			<key>files</key>
			<array>
				<string>266E2A3F1E6CE89C00E33929</string>
			</array>
			<key>isa</key>
			<string>PBXSourcesBuildPhase</string>
			<key>runOnlyForDeploymentPostprocessing</key>
			<string>0</string>
		</dict>
		<key>266E2A371E6CE89C00E33929</key>
		<dict>
			<key>buildActionMask</key>
			<string>2147483647</string>
			<key>files</key>
			<array/>
			<key>isa</key>
			<string>PBXFrameworksBuildPhase</string>
			<key>runOnlyForDeploymentPostprocessing</key>
			<string>0</string>
		</dict>
		<key>266E2A381E6CE89C00E33929</key>
		<dict>
			<key>buildActionMask</key>
			<string>2147483647</string>
			<key>files</key>
			<array/>
			<key>isa</key>
			<string>PBXResourcesBuildPhase</string>
			<key>runOnlyForDeploymentPostprocessing</key>
			<string>0</string>
		</dict>
		<key>266E2A391E6CE89C00E33929</key>
		<dict>
			<key>buildConfigurationList</key>
			<string>266E2A511E6CE89C00E33929</string>
			<key>buildPhases</key>
			<array>
				<string>266E2A361E6CE89C00E33929</string>
				<string>266E2A371E6CE89C00E33929</string>
				<string>266E2A381E6CE89C00E33929</string>
			</array>
			<key>buildRules</key>
			<array/>
			<key>dependencies</key>
			<array>
				<string>266E2A3C1E6CE89C00E33929</string>
			</array>
			<key>isa</key>
			<string>PBXNativeTarget</string>
			<key>name</key>
			<string>CakeTests</string>
			<key>productName</key>
			<string>CakeTests</string>
			<key>productReference</key>
			<string>266E2A3A1E6CE89C00E33929</string>
			<key>productType</key>
			<string>com.apple.product-type.bundle.unit-test</string>
		</dict>
		<key>266E2A3A1E6CE89C00E33929</key>
		<dict>
			<key>explicitFileType</key>
			<string>wrapper.cfbundle</string>
			<key>includeInIndex</key>
			<string>0</string>
			<key>isa</key>
			<string>PBXFileReference</string>
			<key>path</key>
			<string>CakeTests.xctest</string>
			<key>sourceTree</key>
			<string>BUILT_PRODUCTS_DIR</string>
		</dict>
		<key>266E2A3B1E6CE89C00E33929</key>
		<dict>
			<key>containerPortal</key>
			<string>266E2A191E6CE89B00E33929</string>
			<key>isa</key>
			<string>PBXContainerItemProxy</string>
			<key>proxyType</key>
			<string>1</string>
			<key>remoteGlobalIDString</key>
			<string>266E2A201E6CE89B00E33929</string>
			<key>remoteInfo</key>
			<string>Cake</string>
		</dict>
		<key>266E2A3C1E6CE89C00E33929</key>
		<dict>
			<key>isa</key>
			<string>PBXTargetDependency</string>
			<key>target</key>
			<string>266E2A201E6CE89B00E33929</string>
			<key>targetProxy</key>
			<string>266E2A3B1E6CE89C00E33929</string>
		</dict>
		<key>266E2A3D1E6CE89C00E33929</key>
		<dict>
			<key>children</key>
			<array>
				<string>266E2A3E1E6CE89C00E33929</string>
				<string>266E2A401E6CE89C00E33929</string>
			</array>
			<key>isa</key>
			<string>PBXGroup</string>
			<key>path</key>
			<string>CakeTests</string>
			<key>sourceTree</key>
			<string>&lt;group&gt;</string>
		</dict>
		<key>266E2A3E1E6CE89C00E33929</key>
		<dict>
			<key>isa</key>
			<string>PBXFileReference</string>
			<key>lastKnownFileType</key>
			<string>sourcecode.c.objc</string>
			<key>path</key>
			<string>CakeTests.m</string>
			<key>sourceTree</key>
			<string>&lt;group&gt;</string>
		</dict>
		<key>266E2A3F1E6CE89C00E33929</key>
		<dict>
			<key>fileRef</key>
			<string>266E2A3E1E6CE89C00E33929</string>
			<key>isa</key>
			<string>PBXBuildFile</string>
		</dict>
		<key>266E2A401E6CE89C00E33929</key>
		<dict>
			<key>isa</key>
			<string>PBXFileReference</string>
			<key>lastKnownFileType</key>
			<string>text.plist.xml</string>
			<key>path</key>
			<string>Info.plist</string>
			<key>sourceTree</key>
			<string>&lt;group&gt;</string>
		</dict>
		<key>266E2A411E6CE89C00E33929</key>
		<dict>
			<key>buildActionMask</key>
			<string>2147483647</string>
			<key>files</key>
			<array>
				<string>266E2A4A1E6CE89C00E33929</string>
			</array>
			<key>isa</key>
			<string>PBXSourcesBuildPhase</string>
			<key>runOnlyForDeploymentPostprocessing</key>
			<string>0</string>
		</dict>
		<key>266E2A421E6CE89C00E33929</key>
		<dict>
			<key>buildActionMask</key>
			<string>2147483647</string>
			<key>files</key>
			<array/>
			<key>isa</key>
			<string>PBXFrameworksBuildPhase</string>
			<key>runOnlyForDeploymentPostprocessing</key>
			<string>0</string>
		</dict>
		<key>266E2A431E6CE89C00E33929</key>
		<dict>
			<key>buildActionMask</key>
			<string>2147483647</string>
			<key>files</key>
			<array/>
			<key>isa</key>
			<string>PBXResourcesBuildPhase</string>
			<key>runOnlyForDeploymentPostprocessing</key>
			<string>0</string>
		</dict>
		<key>266E2A441E6CE89C00E33929</key>
		<dict>
			<key>buildConfigurationList</key>
			<string>266E2A541E6CE89C00E33929</string>
			<key>buildPhases</key>
			<array>
				<string>266E2A411E6CE89C00E33929</string>
				<string>266E2A421E6CE89C00E33929</string>
				<string>266E2A431E6CE89C00E33929</string>
			</array>
			<key>buildRules</key>
			<array/>
			<key>dependencies</key>
			<array>
				<string>266E2A471E6CE89C00E33929</string>
			</array>
			<key>isa</key>
			<string>PBXNativeTarget</string>
			<key>name</key>
			<string>CakeUITests</string>
			<key>productName</key>
			<string>CakeUITests</string>
			<key>productReference</key>
			<string>266E2A451E6CE89C00E33929</string>
			<key>productType</key>
			<string>com.apple.product-type.bundle.ui-testing</string>
		</dict>
		<key>266E2A451E6CE89C00E33929</key>
		<dict>
			<key>explicitFileType</key>
			<string>wrapper.cfbundle</string>
			<key>includeInIndex</key>
			<string>0</string>
			<key>isa</key>
			<string>PBXFileReference</string>
			<key>path</key>
			<string>CakeUITests.xctest</string>
			<key>sourceTree</key>
			<string>BUILT_PRODUCTS_DIR</string>
		</dict>
		<key>266E2A461E6CE89C00E33929</key>
		<dict>
			<key>containerPortal</key>
			<string>266E2A191E6CE89B00E33929</string>
			<key>isa</key>
			<string>PBXContainerItemProxy</string>
			<key>proxyType</key>
			<string>1</string>
			<key>remoteGlobalIDString</key>
			<string>266E2A201E6CE89B00E33929</string>
			<key>remoteInfo</key>
			<string>Cake</string>
		</dict>
		<key>266E2A471E6CE89C00E33929</key>
		<dict>
			<key>isa</key>
			<string>PBXTargetDependency</string>
			<key>target</key>
			<string>266E2A201E6CE89B00E33929</string>
			<key>targetProxy</key>
			<string>266E2A461E6CE89C00E33929</string>
		</dict>
		<key>266E2A481E6CE89C00E33929</key>
		<dict>
			<key>children</key>
			<array>
				<string>266E2A491E6CE89C00E33929</string>
				<string>266E2A4B1E6CE89C00E33929</string>
			</array>
			<key>isa</key>
			<string>PBXGroup</string>
			<key>path</key>
			<string>CakeUITests</string>
			<key>sourceTree</key>
			<string>&lt;group&gt;</string>
		</dict>
		<key>266E2A491E6CE89C00E33929</key>
		<dict>
			<key>isa</key>
			<string>PBXFileReference</string>
			<key>lastKnownFileType</key>
			<string>sourcecode.c.objc</string>
			<key>path</key>
			<string>CakeUITests.m</string>
			<key>sourceTree</key>
			<string>&lt;group&gt;</string>
		</dict>
		<key>266E2A4A1E6CE89C00E33929</key>
		<dict>
			<key>fileRef</key>
			<string>266E2A491E6CE89C00E33929</string>
			<key>isa</key>
			<string>PBXBuildFile</string>
		</dict>
		<key>266E2A4B1E6CE89C00E33929</key>
		<dict>
			<key>isa</key>
			<string>PBXFileReference</string>
			<key>lastKnownFileType</key>
			<string>text.plist.xml</string>
			<key>path</key>
			<string>Info.plist</string>
			<key>sourceTree</key>
			<string>&lt;group&gt;</string>
		</dict>
		<key>266E2A4C1E6CE89C00E33929</key>
		<dict>
			<key>buildSettings</key>
			<dict>
				<key>ALWAYS_SEARCH_USER_PATHS</key>
				<string>NO</string>
				<key>CLANG_ANALYZER_NONNULL</key>
				<string>YES</string>
				<key>CLANG_CXX_LANGUAGE_STANDARD</key>
				<string>gnu++0x</string>
				<key>CLANG_CXX_LIBRARY</key>
				<string>libc++</string>
				<key>CLANG_ENABLE_MODULES</key>
				<string>YES</string>
				<key>CLANG_ENABLE_OBJC_ARC</key>
				<string>YES</string>
				<key>CLANG_WARN_BOOL_CONVERSION</key>
				<string>YES</string>
				<key>CLANG_WARN_CONSTANT_CONVERSION</key>
				<string>YES</string>
				<key>CLANG_WARN_DIRECT_OBJC_ISA_USAGE</key>
				<string>YES_ERROR</string>
				<key>CLANG_WARN_DOCUMENTATION_COMMENTS</key>
				<string>YES</string>
				<key>CLANG_WARN_EMPTY_BODY</key>
				<string>YES</string>
				<key>CLANG_WARN_ENUM_CONVERSION</key>
				<string>YES</string>
				<key>CLANG_WARN_INFINITE_RECURSION</key>
				<string>YES</string>
				<key>CLANG_WARN_INT_CONVERSION</key>
				<string>YES</string>
				<key>CLANG_WARN_OBJC_ROOT_CLASS</key>
				<string>YES_ERROR</string>
				<key>CLANG_WARN_SUSPICIOUS_MOVE</key>
				<string>YES</string>
				<key>CLANG_WARN_UNREACHABLE_CODE</key>
				<string>YES</string>
				<key>CLANG_WARN__DUPLICATE_METHOD_MATCH</key>
				<string>YES</string>
				<key>CODE_SIGN_IDENTITY[sdk=iphoneos*]</key>
				<string>iPhone Developer</string>
				<key>COPY_PHASE_STRIP</key>
				<string>NO</string>
				<key>DEBUG_INFORMATION_FORMAT</key>
				<string>dwarf</string>
				<key>ENABLE_STRICT_OBJC_MSGSEND</key>
				<string>YES</string>
				<key>ENABLE_TESTABILITY</key>
				<string>YES</string>
				<key>GCC_C_LANGUAGE_STANDARD</key>
				<string>gnu99</string>
				<key>GCC_DYNAMIC_NO_PIC</key>
				<string>NO</string>
				<key>GCC_NO_COMMON_BLOCKS</key>
				<string>YES</string>
				<key>GCC_OPTIMIZATION_LEVEL</key>
				<string>0</string>
				<key>GCC_PREPROCESSOR_DEFINITIONS</key>
				<array>
					<string>DEBUG=1</string>
					<string>$(inherited)</string>
				</array>
				<key>GCC_WARN_64_TO_32_BIT_CONVERSION</key>
				<string>YES</string>
				<key>GCC_WARN_ABOUT_RETURN_TYPE</key>
				<string>YES_ERROR</string>
				<key>GCC_WARN_UNDECLARED_SELECTOR</key>
				<string>YES</string>
				<key>GCC_WARN_UNINITIALIZED_AUTOS</key>
				<string>YES_AGGRESSIVE</string>
				<key>GCC_WARN_UNUSED_FUNCTION</key>
				<string>YES</string>
				<key>GCC_WARN_UNUSED_VARIABLE</key>
				<string>YES</string>
				<key>IPHONEOS_DEPLOYMENT_TARGET</key>
				<string>10.2</string>
				<key>MTL_ENABLE_DEBUG_INFO</key>
				<string>YES</string>
				<key>ONLY_ACTIVE_ARCH</key>
				<string>YES</string>
				<key>SDKROOT</key>
				<string>iphoneos</string>
			</dict>
			<key>isa</key>
			<string>XCBuildConfiguration</string>
			<key>name</key>
			<string>Debug</string>
		</dict>
		<key>266E2A4D1E6CE89C00E33929</key>
		<dict>
			<key>buildSettings</key>
			<dict>
				<key>ALWAYS_SEARCH_USER_PATHS</key>
				<string>NO</string>
				<key>CLANG_ANALYZER_NONNULL</key>
				<string>YES</string>
				<key>CLANG_CXX_LANGUAGE_STANDARD</key>
				<string>gnu++0x</string>
				<key>CLANG_CXX_LIBRARY</key>
				<string>libc++</string>
				<key>CLANG_ENABLE_MODULES</key>
				<string>YES</string>
				<key>CLANG_ENABLE_OBJC_ARC</key>
				<string>YES</string>
				<key>CLANG_WARN_BOOL_CONVERSION</key>
				<string>YES</string>
				<key>CLANG_WARN_CONSTANT_CONVERSION</key>
				<string>YES</string>
				<key>CLANG_WARN_DIRECT_OBJC_ISA_USAGE</key>
				<string>YES_ERROR</string>
				<key>CLANG_WARN_DOCUMENTATION_COMMENTS</key>
				<string>YES</string>
				<key>CLANG_WARN_EMPTY_BODY</key>
				<string>YES</string>
				<key>CLANG_WARN_ENUM_CONVERSION</key>
				<string>YES</string>
				<key>CLANG_WARN_INFINITE_RECURSION</key>
				<string>YES</string>
				<key>CLANG_WARN_INT_CONVERSION</key>
				<string>YES</string>
				<key>CLANG_WARN_OBJC_ROOT_CLASS</key>
				<string>YES_ERROR</string>
				<key>CLANG_WARN_SUSPICIOUS_MOVE</key>
				<string>YES</string>
				<key>CLANG_WARN_UNREACHABLE_CODE</key>
				<string>YES</string>
				<key>CLANG_WARN__DUPLICATE_METHOD_MATCH</key>
				<string>YES</string>
				<key>CODE_SIGN_IDENTITY[sdk=iphoneos*]</key>
				<string>iPhone Developer</string>
				<key>COPY_PHASE_STRIP</key>
				<string>NO</string>
				<key>DEBUG_INFORMATION_FORMAT</key>
				<string>dwarf-with-dsym</string>
				<key>ENABLE_NS_ASSERTIONS</key>
				<string>NO</string>
				<key>ENABLE_STRICT_OBJC_MSGSEND</key>
				<string>YES</string>
				<key>GCC_C_LANGUAGE_STANDARD</key>
				<string>gnu99</string>
				<key>GCC_NO_COMMON_BLOCKS</key>
				<string>YES</string>
				<key>GCC_WARN_64_TO_32_BIT_CONVERSION</key>
				<string>YES</string>
				<key>GCC_WARN_ABOUT_RETURN_TYPE</key>
				<string>YES_ERROR</string>
				<key>GCC_WARN_UNDECLARED_SELECTOR</key>
				<string>YES</string>
				<key>GCC_WARN_UNINITIALIZED_AUTOS</key>
				<string>YES_AGGRESSIVE</string>
				<key>GCC_WARN_UNUSED_FUNCTION</key>
				<string>YES</string>
				<key>GCC_WARN_UNUSED_VARIABLE</key>
				<string>YES</string>
				<key>IPHONEOS_DEPLOYMENT_TARGET</key>
				<string>10.2</string>
				<key>MTL_ENABLE_DEBUG_INFO</key>
				<string>NO</string>
				<key>SDKROOT</key>
				<string>iphoneos</string>
				<key>VALIDATE_PRODUCT</key>
				<string>YES</string>
			</dict>
			<key>isa</key>
			<string>XCBuildConfiguration</string>
			<key>name</key>
			<string>Release</string>
		</dict>
		<key>266E2A4E1E6CE89C00E33929</key>
		<dict>
			<key>buildConfigurations</key>
			<array>
				<string>266E2A4F1E6CE89C00E33929</string>
				<string>266E2A501E6CE89C00E33929</string>
			</array>
			<key>defaultConfigurationIsVisible</key>
			<string>0</string>
			<key>defaultConfigurationName</key>
			<string>Release</string>
			<key>isa</key>
			<string>XCConfigurationList</string>
		</dict>
		<key>266E2A4F1E6CE89C00E33929</key>
		<dict>
			<key>baseConfigurationReference</key>
			<string>91DB68A5259B740E772D60DE</string>
			<key>buildSettings</key>
			<dict>
				<key>ASSETCATALOG_COMPILER_APPICON_NAME</key>
				<string>AppIcon</string>
				<key>CLANG_ENABLE_MODULES</key>
				<string>YES</string>
				<key>DEVELOPMENT_TEAM</key>
				<string>TKVBVK4237</string>
				<key>FRAMEWORK_SEARCH_PATHS</key>
				<array>
					<string>$(inherited)</string>
					<string>$(PROJECT_DIR)/Cake</string>
				</array>
				<key>INFOPLIST_FILE</key>
				<string>Cake/Info.plist</string>
				<key>LD_RUNPATH_SEARCH_PATHS</key>
				<string>$(inherited) @executable_path/Frameworks</string>
				<key>PRODUCT_BUNDLE_IDENTIFIER</key>
				<string>com.sevy.Cake</string>
				<key>PRODUCT_NAME</key>
				<string>$(TARGET_NAME)</string>
				<key>SWIFT_OBJC_BRIDGING_HEADER</key>
				<string>Cake/Cake-Bridging-Header.h</string>
				<key>SWIFT_OPTIMIZATION_LEVEL</key>
				<string>-Onone</string>
				<key>SWIFT_VERSION</key>
				<string>3.0</string>
			</dict>
			<key>isa</key>
			<string>XCBuildConfiguration</string>
			<key>name</key>
			<string>Debug</string>
		</dict>
		<key>266E2A501E6CE89C00E33929</key>
		<dict>
			<key>baseConfigurationReference</key>
			<string>3DB3E7600D083F4558DB5238</string>
			<key>buildSettings</key>
			<dict>
				<key>ASSETCATALOG_COMPILER_APPICON_NAME</key>
				<string>AppIcon</string>
				<key>CLANG_ENABLE_MODULES</key>
				<string>YES</string>
				<key>DEVELOPMENT_TEAM</key>
				<string>TKVBVK4237</string>
				<key>FRAMEWORK_SEARCH_PATHS</key>
				<array>
					<string>$(inherited)</string>
					<string>$(PROJECT_DIR)/Cake</string>
				</array>
				<key>INFOPLIST_FILE</key>
				<string>Cake/Info.plist</string>
				<key>LD_RUNPATH_SEARCH_PATHS</key>
				<string>$(inherited) @executable_path/Frameworks</string>
				<key>PRODUCT_BUNDLE_IDENTIFIER</key>
				<string>com.sevy.Cake</string>
				<key>PRODUCT_NAME</key>
				<string>$(TARGET_NAME)</string>
				<key>SWIFT_OBJC_BRIDGING_HEADER</key>
				<string>Cake/Cake-Bridging-Header.h</string>
				<key>SWIFT_VERSION</key>
				<string>3.0</string>
			</dict>
			<key>isa</key>
			<string>XCBuildConfiguration</string>
			<key>name</key>
			<string>Release</string>
		</dict>
		<key>266E2A511E6CE89C00E33929</key>
		<dict>
			<key>buildConfigurations</key>
			<array>
				<string>266E2A521E6CE89C00E33929</string>
				<string>266E2A531E6CE89C00E33929</string>
			</array>
			<key>defaultConfigurationIsVisible</key>
			<string>0</string>
			<key>defaultConfigurationName</key>
			<string>Release</string>
			<key>isa</key>
			<string>XCConfigurationList</string>
		</dict>
		<key>266E2A521E6CE89C00E33929</key>
		<dict>
			<key>buildSettings</key>
			<dict>
				<key>BUNDLE_LOADER</key>
				<string>$(TEST_HOST)</string>
				<key>DEVELOPMENT_TEAM</key>
				<string>TKVBVK4237</string>
				<key>INFOPLIST_FILE</key>
				<string>CakeTests/Info.plist</string>
				<key>LD_RUNPATH_SEARCH_PATHS</key>
				<string>$(inherited) @executable_path/Frameworks @loader_path/Frameworks</string>
				<key>PRODUCT_BUNDLE_IDENTIFIER</key>
				<string>com.sevy.CakeTests</string>
				<key>PRODUCT_NAME</key>
				<string>$(TARGET_NAME)</string>
				<key>TEST_HOST</key>
				<string>$(BUILT_PRODUCTS_DIR)/Cake.app/Cake</string>
			</dict>
			<key>isa</key>
			<string>XCBuildConfiguration</string>
			<key>name</key>
			<string>Debug</string>
		</dict>
		<key>266E2A531E6CE89C00E33929</key>
		<dict>
			<key>buildSettings</key>
			<dict>
				<key>BUNDLE_LOADER</key>
				<string>$(TEST_HOST)</string>
				<key>DEVELOPMENT_TEAM</key>
				<string>TKVBVK4237</string>
				<key>INFOPLIST_FILE</key>
				<string>CakeTests/Info.plist</string>
				<key>LD_RUNPATH_SEARCH_PATHS</key>
				<string>$(inherited) @executable_path/Frameworks @loader_path/Frameworks</string>
				<key>PRODUCT_BUNDLE_IDENTIFIER</key>
				<string>com.sevy.CakeTests</string>
				<key>PRODUCT_NAME</key>
				<string>$(TARGET_NAME)</string>
				<key>TEST_HOST</key>
				<string>$(BUILT_PRODUCTS_DIR)/Cake.app/Cake</string>
			</dict>
			<key>isa</key>
			<string>XCBuildConfiguration</string>
			<key>name</key>
			<string>Release</string>
		</dict>
		<key>266E2A541E6CE89C00E33929</key>
		<dict>
			<key>buildConfigurations</key>
			<array>
				<string>266E2A551E6CE89C00E33929</string>
				<string>266E2A561E6CE89C00E33929</string>
			</array>
			<key>defaultConfigurationIsVisible</key>
			<string>0</string>
			<key>defaultConfigurationName</key>
			<string>Release</string>
			<key>isa</key>
			<string>XCConfigurationList</string>
		</dict>
		<key>266E2A551E6CE89C00E33929</key>
		<dict>
			<key>buildSettings</key>
			<dict>
				<key>DEVELOPMENT_TEAM</key>
				<string>TKVBVK4237</string>
				<key>INFOPLIST_FILE</key>
				<string>CakeUITests/Info.plist</string>
				<key>LD_RUNPATH_SEARCH_PATHS</key>
				<string>$(inherited) @executable_path/Frameworks @loader_path/Frameworks</string>
				<key>PRODUCT_BUNDLE_IDENTIFIER</key>
				<string>com.sevy.CakeUITests</string>
				<key>PRODUCT_NAME</key>
				<string>$(TARGET_NAME)</string>
				<key>TEST_TARGET_NAME</key>
				<string>Cake</string>
			</dict>
			<key>isa</key>
			<string>XCBuildConfiguration</string>
			<key>name</key>
			<string>Debug</string>
		</dict>
		<key>266E2A561E6CE89C00E33929</key>
		<dict>
			<key>buildSettings</key>
			<dict>
				<key>DEVELOPMENT_TEAM</key>
				<string>TKVBVK4237</string>
				<key>INFOPLIST_FILE</key>
				<string>CakeUITests/Info.plist</string>
				<key>LD_RUNPATH_SEARCH_PATHS</key>
				<string>$(inherited) @executable_path/Frameworks @loader_path/Frameworks</string>
				<key>PRODUCT_BUNDLE_IDENTIFIER</key>
				<string>com.sevy.CakeUITests</string>
				<key>PRODUCT_NAME</key>
				<string>$(TARGET_NAME)</string>
				<key>TEST_TARGET_NAME</key>
				<string>Cake</string>
			</dict>
			<key>isa</key>
			<string>XCBuildConfiguration</string>
			<key>name</key>
			<string>Release</string>
		</dict>
		<key>266E2A571E6CE9BE00E33929</key>
		<dict>
			<key>fileEncoding</key>
			<string>4</string>
			<key>isa</key>
			<string>PBXFileReference</string>
			<key>lastKnownFileType</key>
			<string>sourcecode.c.h</string>
			<key>name</key>
			<string>APIClient.h</string>
			<key>path</key>
			<string>../APIClient.h</string>
			<key>sourceTree</key>
			<string>&lt;group&gt;</string>
		</dict>
		<key>266E2A581E6CE9BE00E33929</key>
		<dict>
			<key>fileEncoding</key>
			<string>4</string>
			<key>isa</key>
			<string>PBXFileReference</string>
			<key>lastKnownFileType</key>
			<string>sourcecode.c.objc</string>
			<key>name</key>
			<string>APIClient.m</string>
			<key>path</key>
			<string>../APIClient.m</string>
			<key>sourceTree</key>
			<string>&lt;group&gt;</string>
		</dict>
		<key>266E2A591E6CE9BE00E33929</key>
		<dict>
			<key>fileRef</key>
			<string>266E2A581E6CE9BE00E33929</string>
			<key>isa</key>
			<string>PBXBuildFile</string>
		</dict>
		<key>266E2A5A1E6CE9CB00E33929</key>
		<dict>
			<key>children</key>
			<array>
				<string>266E2A571E6CE9BE00E33929</string>
				<string>266E2A581E6CE9BE00E33929</string>
				<string>266E2A5D1E6CEBE000E33929</string>
				<string>266E2A5E1E6CEBE000E33929</string>
			</array>
			<key>isa</key>
			<string>PBXGroup</string>
			<key>name</key>
			<string>Singleton</string>
			<key>sourceTree</key>
			<string>&lt;group&gt;</string>
		</dict>
		<key>266E2A5B1E6CEA8900E33929</key>
		<dict>
			<key>isa</key>
			<string>PBXFileReference</string>
			<key>lastKnownFileType</key>
			<string>sourcecode.c.h</string>
			<key>path</key>
			<string>Config.h</string>
			<key>sourceTree</key>
			<string>&lt;group&gt;</string>
		</dict>
		<key>266E2A5C1E6CEAAD00E33929</key>
		<dict>
			<key>children</key>
			<array>
				<string>266E2A2A1E6CE89C00E33929</string>
				<string>266E2A2B1E6CE89C00E33929</string>
				<string>26E9BE581E81696B00FC69F0</string>
				<string>26E9BE591E81696B00FC69F0</string>
			</array>
			<key>isa</key>
			<string>PBXGroup</string>
			<key>name</key>
			<string>ViewControllers</string>
			<key>sourceTree</key>
			<string>&lt;group&gt;</string>
		</dict>
		<key>266E2A5D1E6CEBE000E33929</key>
		<dict>
			<key>fileEncoding</key>
			<string>4</string>
			<key>isa</key>
			<string>PBXFileReference</string>
			<key>lastKnownFileType</key>
			<string>sourcecode.c.h</string>
			<key>path</key>
			<string>ConfigManager.h</string>
			<key>sourceTree</key>
			<string>&lt;group&gt;</string>
		</dict>
		<key>266E2A5E1E6CEBE000E33929</key>
		<dict>
			<key>fileEncoding</key>
			<string>4</string>
			<key>isa</key>
			<string>PBXFileReference</string>
			<key>lastKnownFileType</key>
			<string>sourcecode.c.objc</string>
			<key>path</key>
			<string>ConfigManager.m</string>
			<key>sourceTree</key>
			<string>&lt;group&gt;</string>
		</dict>
		<key>266E2A5F1E6CEBE000E33929</key>
		<dict>
			<key>fileRef</key>
			<string>266E2A5E1E6CEBE000E33929</string>
			<key>isa</key>
			<string>PBXBuildFile</string>
		</dict>
		<key>266E2A601E6D0A5700E33929</key>
		<dict>
			<key>children</key>
			<array>
				<string>266E2A611E6D0A5700E33929</string>
			</array>
			<key>currentVersion</key>
			<string>266E2A611E6D0A5700E33929</string>
			<key>isa</key>
			<string>XCVersionGroup</string>
			<key>path</key>
			<string>Cake.xcdatamodeld</string>
			<key>sourceTree</key>
			<string>&lt;group&gt;</string>
			<key>versionGroupType</key>
			<string>wrapper.xcdatamodel</string>
		</dict>
		<key>266E2A611E6D0A5700E33929</key>
		<dict>
			<key>isa</key>
			<string>PBXFileReference</string>
			<key>lastKnownFileType</key>
			<string>wrapper.xcdatamodel</string>
			<key>path</key>
			<string>Cake.xcdatamodel</string>
			<key>sourceTree</key>
			<string>&lt;group&gt;</string>
		</dict>
		<key>266E2A621E6D0A5700E33929</key>
		<dict>
			<key>fileRef</key>
			<string>266E2A601E6D0A5700E33929</string>
			<key>isa</key>
			<string>PBXBuildFile</string>
		</dict>
		<key>266E2A631E6D0A5F00E33929</key>
		<dict>
			<key>children</key>
			<array>
				<string>266E2A601E6D0A5700E33929</string>
				<string>266E2A751E6D0F2C00E33929</string>
				<string>266E2A761E6D0F2C00E33929</string>
				<string>266E2A771E6D0F2C00E33929</string>
				<string>266E2A781E6D0F2C00E33929</string>
				<string>266E2A711E6D0F2C00E33929</string>
				<string>266E2A721E6D0F2C00E33929</string>
				<string>266E2A731E6D0F2C00E33929</string>
				<string>266E2A741E6D0F2C00E33929</string>
				<string>266E2A851E6D18B000E33929</string>
				<string>266E2A861E6D18B000E33929</string>
			</array>
			<key>isa</key>
			<string>PBXGroup</string>
			<key>name</key>
			<string>Model</string>
			<key>sourceTree</key>
			<string>&lt;group&gt;</string>
		</dict>
		<key>266E2A711E6D0F2C00E33929</key>
		<dict>
			<key>fileEncoding</key>
			<string>4</string>
			<key>isa</key>
			<string>PBXFileReference</string>
			<key>lastKnownFileType</key>
			<string>sourcecode.c.h</string>
			<key>path</key>
			<string>User+CoreDataClass.h</string>
			<key>sourceTree</key>
			<string>&lt;group&gt;</string>
		</dict>
		<key>266E2A721E6D0F2C00E33929</key>
		<dict>
			<key>fileEncoding</key>
			<string>4</string>
			<key>isa</key>
			<string>PBXFileReference</string>
			<key>lastKnownFileType</key>
			<string>sourcecode.c.objc</string>
			<key>path</key>
			<string>User+CoreDataClass.m</string>
			<key>sourceTree</key>
			<string>&lt;group&gt;</string>
		</dict>
		<key>266E2A731E6D0F2C00E33929</key>
		<dict>
			<key>fileEncoding</key>
			<string>4</string>
			<key>isa</key>
			<string>PBXFileReference</string>
			<key>lastKnownFileType</key>
			<string>sourcecode.c.h</string>
			<key>path</key>
			<string>User+CoreDataProperties.h</string>
			<key>sourceTree</key>
			<string>&lt;group&gt;</string>
		</dict>
		<key>266E2A741E6D0F2C00E33929</key>
		<dict>
			<key>fileEncoding</key>
			<string>4</string>
			<key>isa</key>
			<string>PBXFileReference</string>
			<key>lastKnownFileType</key>
			<string>sourcecode.c.objc</string>
			<key>path</key>
			<string>User+CoreDataProperties.m</string>
			<key>sourceTree</key>
			<string>&lt;group&gt;</string>
		</dict>
		<key>266E2A751E6D0F2C00E33929</key>
		<dict>
			<key>fileEncoding</key>
			<string>4</string>
			<key>isa</key>
			<string>PBXFileReference</string>
			<key>lastKnownFileType</key>
			<string>sourcecode.c.h</string>
			<key>path</key>
			<string>BaseAbstractModel+CoreDataClass.h</string>
			<key>sourceTree</key>
			<string>&lt;group&gt;</string>
		</dict>
		<key>266E2A761E6D0F2C00E33929</key>
		<dict>
			<key>fileEncoding</key>
			<string>4</string>
			<key>isa</key>
			<string>PBXFileReference</string>
			<key>lastKnownFileType</key>
			<string>sourcecode.c.objc</string>
			<key>path</key>
			<string>BaseAbstractModel+CoreDataClass.m</string>
			<key>sourceTree</key>
			<string>&lt;group&gt;</string>
		</dict>
		<key>266E2A771E6D0F2C00E33929</key>
		<dict>
			<key>fileEncoding</key>
			<string>4</string>
			<key>isa</key>
			<string>PBXFileReference</string>
			<key>lastKnownFileType</key>
			<string>sourcecode.c.h</string>
			<key>path</key>
			<string>BaseAbstractModel+CoreDataProperties.h</string>
			<key>sourceTree</key>
			<string>&lt;group&gt;</string>
		</dict>
		<key>266E2A781E6D0F2C00E33929</key>
		<dict>
			<key>fileEncoding</key>
			<string>4</string>
			<key>isa</key>
			<string>PBXFileReference</string>
			<key>lastKnownFileType</key>
			<string>sourcecode.c.objc</string>
			<key>path</key>
			<string>BaseAbstractModel+CoreDataProperties.m</string>
			<key>sourceTree</key>
			<string>&lt;group&gt;</string>
		</dict>
		<key>266E2A791E6D0F2C00E33929</key>
		<dict>
			<key>fileRef</key>
			<string>266E2A721E6D0F2C00E33929</string>
			<key>isa</key>
			<string>PBXBuildFile</string>
		</dict>
		<key>266E2A7A1E6D0F2C00E33929</key>
		<dict>
			<key>fileRef</key>
			<string>266E2A741E6D0F2C00E33929</string>
			<key>isa</key>
			<string>PBXBuildFile</string>
		</dict>
		<key>266E2A7B1E6D0F2C00E33929</key>
		<dict>
			<key>fileRef</key>
			<string>266E2A761E6D0F2C00E33929</string>
			<key>isa</key>
			<string>PBXBuildFile</string>
		</dict>
		<key>266E2A7C1E6D0F2C00E33929</key>
		<dict>
			<key>fileRef</key>
			<string>266E2A781E6D0F2C00E33929</string>
			<key>isa</key>
			<string>PBXBuildFile</string>
		</dict>
		<key>266E2A801E6D181A00E33929</key>
		<dict>
			<key>children</key>
			<array/>
			<key>isa</key>
			<string>PBXGroup</string>
			<key>name</key>
			<string>Dependencies</string>
			<key>path</key>
			<string>Cake</string>
			<key>sourceTree</key>
			<string>&lt;group&gt;</string>
		</dict>
		<key>266E2A851E6D18B000E33929</key>
		<dict>
			<key>fileEncoding</key>
			<string>4</string>
			<key>isa</key>
			<string>PBXFileReference</string>
			<key>lastKnownFileType</key>
			<string>sourcecode.c.h</string>
			<key>path</key>
			<string>ExtendedError.h</string>
			<key>sourceTree</key>
			<string>&lt;group&gt;</string>
		</dict>
		<key>266E2A861E6D18B000E33929</key>
		<dict>
			<key>fileEncoding</key>
			<string>4</string>
			<key>isa</key>
			<string>PBXFileReference</string>
			<key>lastKnownFileType</key>
			<string>sourcecode.c.objc</string>
			<key>path</key>
			<string>ExtendedError.m</string>
			<key>sourceTree</key>
			<string>&lt;group&gt;</string>
		</dict>
		<key>266E2A871E6D18B000E33929</key>
		<dict>
			<key>fileRef</key>
			<string>266E2A861E6D18B000E33929</string>
			<key>isa</key>
			<string>PBXBuildFile</string>
		</dict>
		<key>266E2A8A1E6D9F3600E33929</key>
		<dict>
			<key>buildActionMask</key>
			<string>2147483647</string>
			<key>dstPath</key>
			<string></string>
			<key>dstSubfolderSpec</key>
			<string>10</string>
			<key>files</key>
			<array/>
			<key>isa</key>
			<string>PBXCopyFilesBuildPhase</string>
			<key>name</key>
			<string>Embed Frameworks</string>
			<key>runOnlyForDeploymentPostprocessing</key>
			<string>0</string>
		</dict>
		<key>26A5EC2A1E6F83BA00FDA52F</key>
		<dict>
			<key>children</key>
			<array>
				<string>26A5EC2E1E6FBABB00FDA52F</string>
				<string>26A5EC321E6FBB4400FDA52F</string>
			</array>
			<key>isa</key>
			<string>PBXGroup</string>
			<key>name</key>
			<string>Views</string>
			<key>sourceTree</key>
			<string>&lt;group&gt;</string>
		</dict>
		<key>26A5EC2B1E6F83E800FDA52F</key>
		<dict>
			<key>fileEncoding</key>
			<string>4</string>
			<key>isa</key>
			<string>PBXFileReference</string>
			<key>lastKnownFileType</key>
			<string>sourcecode.c.h</string>
			<key>path</key>
			<string>CakeAlertViewController.h</string>
			<key>sourceTree</key>
			<string>&lt;group&gt;</string>
		</dict>
		<key>26A5EC2C1E6F83E800FDA52F</key>
		<dict>
			<key>fileEncoding</key>
			<string>4</string>
			<key>isa</key>
			<string>PBXFileReference</string>
			<key>lastKnownFileType</key>
			<string>sourcecode.c.objc</string>
			<key>path</key>
			<string>CakeAlertViewController.m</string>
			<key>sourceTree</key>
			<string>&lt;group&gt;</string>
		</dict>
		<key>26A5EC2D1E6F83E800FDA52F</key>
		<dict>
			<key>fileRef</key>
			<string>26A5EC2C1E6F83E800FDA52F</string>
			<key>isa</key>
			<string>PBXBuildFile</string>
		</dict>
		<key>26A5EC2E1E6FBABB00FDA52F</key>
		<dict>
			<key>children</key>
			<array>
				<string>26A5EC2B1E6F83E800FDA52F</string>
				<string>26A5EC2C1E6F83E800FDA52F</string>
			</array>
			<key>isa</key>
			<string>PBXGroup</string>
			<key>name</key>
			<string>Alert</string>
			<key>sourceTree</key>
			<string>&lt;group&gt;</string>
		</dict>
		<key>26A5EC321E6FBB4400FDA52F</key>
		<dict>
			<key>children</key>
			<array>
				<string>26A5EC431E6FC0CA00FDA52F</string>
				<string>26A5EC441E6FC0CA00FDA52F</string>
				<string>26A5EC461E6FC12200FDA52F</string>
				<string>26A5EC471E6FC12200FDA52F</string>
				<string>262591781E82B4640077CECD</string>
				<string>262591791E82B4640077CECD</string>
			</array>
			<key>isa</key>
			<string>PBXGroup</string>
			<key>name</key>
			<string>Cells</string>
			<key>sourceTree</key>
			<string>&lt;group&gt;</string>
		</dict>
		<key>26A5EC331E6FBCAA00FDA52F</key>
		<dict>
			<key>fileEncoding</key>
			<string>4</string>
			<key>isa</key>
			<string>PBXFileReference</string>
			<key>lastKnownFileType</key>
			<string>sourcecode.c.h</string>
			<key>path</key>
			<string>NSObject+ProgressHUD.h</string>
			<key>sourceTree</key>
			<string>&lt;group&gt;</string>
		</dict>
		<key>26A5EC341E6FBCAA00FDA52F</key>
		<dict>
			<key>fileEncoding</key>
			<string>4</string>
			<key>isa</key>
			<string>PBXFileReference</string>
			<key>lastKnownFileType</key>
			<string>sourcecode.c.objc</string>
			<key>path</key>
			<string>NSObject+ProgressHUD.m</string>
			<key>sourceTree</key>
			<string>&lt;group&gt;</string>
		</dict>
		<key>26A5EC351E6FBCAA00FDA52F</key>
		<dict>
			<key>fileRef</key>
			<string>26A5EC341E6FBCAA00FDA52F</string>
			<key>isa</key>
			<string>PBXBuildFile</string>
		</dict>
		<key>26A5EC361E6FBCC300FDA52F</key>
		<dict>
			<key>children</key>
			<array>
				<string>26A5EC331E6FBCAA00FDA52F</string>
				<string>26A5EC341E6FBCAA00FDA52F</string>
				<string>26A5EC3A1E6FBE6900FDA52F</string>
				<string>26A5EC3B1E6FBE6900FDA52F</string>
				<string>26A5EC3D1E6FBF4200FDA52F</string>
				<string>26A5EC3E1E6FBF4200FDA52F</string>
				<string>26A5EC401E6FBFBD00FDA52F</string>
				<string>26A5EC411E6FBFBD00FDA52F</string>
			</array>
			<key>isa</key>
			<string>PBXGroup</string>
			<key>name</key>
			<string>Categories</string>
			<key>sourceTree</key>
			<string>&lt;group&gt;</string>
		</dict>
		<key>26A5EC3A1E6FBE6900FDA52F</key>
		<dict>
			<key>fileEncoding</key>
			<string>4</string>
			<key>isa</key>
			<string>PBXFileReference</string>
			<key>lastKnownFileType</key>
			<string>sourcecode.c.h</string>
			<key>path</key>
			<string>UIViewController+Alert.h</string>
			<key>sourceTree</key>
			<string>&lt;group&gt;</string>
		</dict>
		<key>26A5EC3B1E6FBE6900FDA52F</key>
		<dict>
			<key>fileEncoding</key>
			<string>4</string>
			<key>isa</key>
			<string>PBXFileReference</string>
			<key>lastKnownFileType</key>
			<string>sourcecode.c.objc</string>
			<key>path</key>
			<string>UIViewController+Alert.m</string>
			<key>sourceTree</key>
			<string>&lt;group&gt;</string>
		</dict>
		<key>26A5EC3C1E6FBE6900FDA52F</key>
		<dict>
			<key>fileRef</key>
			<string>26A5EC3B1E6FBE6900FDA52F</string>
			<key>isa</key>
			<string>PBXBuildFile</string>
		</dict>
		<key>26A5EC3D1E6FBF4200FDA52F</key>
		<dict>
			<key>fileEncoding</key>
			<string>4</string>
			<key>isa</key>
			<string>PBXFileReference</string>
			<key>lastKnownFileType</key>
			<string>sourcecode.c.h</string>
			<key>path</key>
			<string>UIViewController+CoreData.h</string>
			<key>sourceTree</key>
			<string>&lt;group&gt;</string>
		</dict>
		<key>26A5EC3E1E6FBF4200FDA52F</key>
		<dict>
			<key>fileEncoding</key>
			<string>4</string>
			<key>isa</key>
			<string>PBXFileReference</string>
			<key>lastKnownFileType</key>
			<string>sourcecode.c.objc</string>
			<key>path</key>
			<string>UIViewController+CoreData.m</string>
			<key>sourceTree</key>
			<string>&lt;group&gt;</string>
		</dict>
		<key>26A5EC3F1E6FBF4200FDA52F</key>
		<dict>
			<key>fileRef</key>
			<string>26A5EC3E1E6FBF4200FDA52F</string>
			<key>isa</key>
			<string>PBXBuildFile</string>
		</dict>
		<key>26A5EC401E6FBFBD00FDA52F</key>
		<dict>
			<key>fileEncoding</key>
			<string>4</string>
			<key>isa</key>
			<string>PBXFileReference</string>
			<key>lastKnownFileType</key>
			<string>sourcecode.c.h</string>
			<key>path</key>
			<string>KeyValueMapper.h</string>
			<key>sourceTree</key>
			<string>&lt;group&gt;</string>
		</dict>
		<key>26A5EC411E6FBFBD00FDA52F</key>
		<dict>
			<key>fileEncoding</key>
			<string>4</string>
			<key>isa</key>
			<string>PBXFileReference</string>
			<key>lastKnownFileType</key>
			<string>sourcecode.c.objc</string>
			<key>path</key>
			<string>KeyValueMapper.m</string>
			<key>sourceTree</key>
			<string>&lt;group&gt;</string>
		</dict>
		<key>26A5EC421E6FBFBD00FDA52F</key>
		<dict>
			<key>fileRef</key>
			<string>26A5EC411E6FBFBD00FDA52F</string>
			<key>isa</key>
			<string>PBXBuildFile</string>
		</dict>
		<key>26A5EC431E6FC0CA00FDA52F</key>
		<dict>
			<key>fileEncoding</key>
			<string>4</string>
			<key>isa</key>
			<string>PBXFileReference</string>
			<key>lastKnownFileType</key>
			<string>sourcecode.c.h</string>
			<key>path</key>
			<string>CakeAbstractTableViewCell.h</string>
			<key>sourceTree</key>
			<string>&lt;group&gt;</string>
		</dict>
		<key>26A5EC441E6FC0CA00FDA52F</key>
		<dict>
			<key>fileEncoding</key>
			<string>4</string>
			<key>isa</key>
			<string>PBXFileReference</string>
			<key>lastKnownFileType</key>
			<string>sourcecode.c.objc</string>
			<key>path</key>
			<string>CakeAbstractTableViewCell.m</string>
			<key>sourceTree</key>
			<string>&lt;group&gt;</string>
		</dict>
		<key>26A5EC451E6FC0CA00FDA52F</key>
		<dict>
			<key>fileRef</key>
			<string>26A5EC441E6FC0CA00FDA52F</string>
			<key>isa</key>
			<string>PBXBuildFile</string>
		</dict>
		<key>26A5EC461E6FC12200FDA52F</key>
		<dict>
			<key>fileEncoding</key>
			<string>4</string>
			<key>isa</key>
			<string>PBXFileReference</string>
			<key>lastKnownFileType</key>
			<string>sourcecode.c.h</string>
			<key>path</key>
			<string>HourDayTableViewCell.h</string>
			<key>sourceTree</key>
			<string>&lt;group&gt;</string>
		</dict>
		<key>26A5EC471E6FC12200FDA52F</key>
		<dict>
			<key>fileEncoding</key>
			<string>4</string>
			<key>isa</key>
			<string>PBXFileReference</string>
			<key>lastKnownFileType</key>
			<string>sourcecode.c.objc</string>
			<key>path</key>
			<string>HourDayTableViewCell.m</string>
			<key>sourceTree</key>
			<string>&lt;group&gt;</string>
		</dict>
		<key>26A5EC481E6FC12200FDA52F</key>
		<dict>
			<key>fileRef</key>
			<string>26A5EC471E6FC12200FDA52F</string>
			<key>isa</key>
			<string>PBXBuildFile</string>
		</dict>
		<key>26E9BE581E81696B00FC69F0</key>
		<dict>
			<key>fileEncoding</key>
			<string>4</string>
			<key>isa</key>
			<string>PBXFileReference</string>
			<key>lastKnownFileType</key>
			<string>sourcecode.c.h</string>
			<key>path</key>
			<string>LoginTableViewController.h</string>
			<key>sourceTree</key>
			<string>&lt;group&gt;</string>
		</dict>
		<key>26E9BE591E81696B00FC69F0</key>
		<dict>
			<key>fileEncoding</key>
			<string>4</string>
			<key>isa</key>
			<string>PBXFileReference</string>
			<key>lastKnownFileType</key>
			<string>sourcecode.c.objc</string>
			<key>path</key>
			<string>LoginTableViewController.m</string>
			<key>sourceTree</key>
			<string>&lt;group&gt;</string>
		</dict>
		<key>26E9BE5A1E81696B00FC69F0</key>
		<dict>
			<key>fileRef</key>
			<string>26E9BE591E81696B00FC69F0</string>
			<key>isa</key>
			<string>PBXBuildFile</string>
		</dict>
		<key>3D0EDA2F59C652105017A33E</key>
		<dict>
			<key>fileRef</key>
			<string>ECEF29D3413BBA2F129D9E26</string>
			<key>isa</key>
			<string>PBXBuildFile</string>
		</dict>
		<key>3DB3E7600D083F4558DB5238</key>
		<dict>
			<key>includeInIndex</key>
			<string>1</string>
			<key>isa</key>
			<string>PBXFileReference</string>
			<key>lastKnownFileType</key>
			<string>text.xcconfig</string>
			<key>name</key>
			<string>Pods-Cake.release.xcconfig</string>
			<key>path</key>
			<string>Pods/Target Support Files/Pods-Cake/Pods-Cake.release.xcconfig</string>
			<key>sourceTree</key>
			<string>&lt;group&gt;</string>
		</dict>
		<key>54E72DA387CACC47D0AEEFC7</key>
		<dict>
			<key>children</key>
			<array>
				<string>ECEF29D3413BBA2F129D9E26</string>
			</array>
			<key>isa</key>
			<string>PBXGroup</string>
			<key>name</key>
			<string>Frameworks</string>
			<key>sourceTree</key>
			<string>&lt;group&gt;</string>
		</dict>
		<key>55887D704D49AF456C5093A7</key>
		<dict>
			<key>buildActionMask</key>
			<string>2147483647</string>
			<key>files</key>
			<array/>
			<key>inputPaths</key>
			<array/>
			<key>isa</key>
			<string>PBXShellScriptBuildPhase</string>
			<key>name</key>
			<string>Check Pods Manifest.lock</string>
			<key>outputPaths</key>
			<array/>
			<key>runOnlyForDeploymentPostprocessing</key>
			<string>0</string>
			<key>shellPath</key>
			<string>/bin/sh</string>
			<key>shellScript</key>
			<string>diff "${PODS_ROOT}/../Podfile.lock" "${PODS_ROOT}/Manifest.lock" &gt; /dev/null
if [[ $? != 0 ]] ; then
    cat &lt;&lt; EOM
error: The sandbox is not in sync with the Podfile.lock. Run 'pod install' or update your CocoaPods installation.
EOM
    exit 1
fi
</string>
			<key>showEnvVarsInLog</key>
			<string>0</string>
		</dict>
		<key>5D2624C72CAB6FB0EFFD6B43</key>
		<dict>
			<key>buildActionMask</key>
			<string>2147483647</string>
			<key>files</key>
			<array/>
			<key>inputPaths</key>
			<array/>
			<key>isa</key>
			<string>PBXShellScriptBuildPhase</string>
			<key>name</key>
			<string>Copy Pods Resources</string>
			<key>outputPaths</key>
			<array/>
			<key>runOnlyForDeploymentPostprocessing</key>
			<string>0</string>
			<key>shellPath</key>
			<string>/bin/sh</string>
			<key>shellScript</key>
			<string>"${SRCROOT}/Pods/Target Support Files/Pods-Cake/Pods-Cake-resources.sh"
</string>
			<key>showEnvVarsInLog</key>
			<string>0</string>
		</dict>
		<key>734FB815682F26971969080A</key>
		<dict>
			<key>children</key>
			<array>
				<string>91DB68A5259B740E772D60DE</string>
				<string>3DB3E7600D083F4558DB5238</string>
			</array>
			<key>isa</key>
			<string>PBXGroup</string>
			<key>name</key>
			<string>Pods</string>
			<key>sourceTree</key>
			<string>&lt;group&gt;</string>
		</dict>
		<key>91DB68A5259B740E772D60DE</key>
		<dict>
			<key>includeInIndex</key>
			<string>1</string>
			<key>isa</key>
			<string>PBXFileReference</string>
			<key>lastKnownFileType</key>
			<string>text.xcconfig</string>
			<key>name</key>
			<string>Pods-Cake.debug.xcconfig</string>
			<key>path</key>
			<string>Pods/Target Support Files/Pods-Cake/Pods-Cake.debug.xcconfig</string>
			<key>sourceTree</key>
			<string>&lt;group&gt;</string>
		</dict>
		<key>967647BA2CB0FEB52B92B0F0</key>
		<dict>
			<key>buildActionMask</key>
			<string>2147483647</string>
			<key>files</key>
			<array/>
			<key>inputPaths</key>
			<array/>
			<key>isa</key>
			<string>PBXShellScriptBuildPhase</string>
			<key>name</key>
			<string>Embed Pods Frameworks</string>
			<key>outputPaths</key>
			<array/>
			<key>runOnlyForDeploymentPostprocessing</key>
			<string>0</string>
			<key>shellPath</key>
			<string>/bin/sh</string>
			<key>shellScript</key>
			<string>"${SRCROOT}/Pods/Target Support Files/Pods-Cake/Pods-Cake-frameworks.sh"
</string>
			<key>showEnvVarsInLog</key>
			<string>0</string>
		</dict>
		<key>ECEF29D3413BBA2F129D9E26</key>
		<dict>
			<key>explicitFileType</key>
			<string>wrapper.framework</string>
			<key>includeInIndex</key>
			<string>0</string>
			<key>isa</key>
			<string>PBXFileReference</string>
			<key>path</key>
			<string>Pods_Cake.framework</string>
			<key>sourceTree</key>
			<string>BUILT_PRODUCTS_DIR</string>
		</dict>
	</dict>
	<key>rootObject</key>
	<string>266E2A191E6CE89B00E33929</string>
</dict>
</plist>
