PODS:
  - AWSCognitoIdentityProvider (2.4.16):
    - AWSCore (= 2.4.16)
  - AWSCore (2.4.16)
  - IQKeyboardManager (4.0.7)
  - JGActionSheet (1.0.5)
  - JVFloatLabeledTextField (1.1.1)
  - MGSwipeTableCell (1.5.6)
  - NYAlertViewController (1.3.0)
  - RESideMenu (4.0.7)
  - SVProgressHUD (2.1.2)
  - UITextField+Shake (1.1.2)
  - YYCache (1.0.4)
  - YYImage (1.0.4):
    - YYImage/Core (= 1.0.4)
  - YYImage/Core (1.0.4)
  - YYWebImage (1.0.5):
    - YYCache
    - YYImage

DEPENDENCIES:
  - AWSCognitoIdentityProvider (~> 2.4.16)
  - AWSCore (~> 2.4.16)
  - IQKeyboardManager
  - JGActionSheet
  - JVFloatLabeledTextField
  - MGSwipeTableCell (~> 1.5)
  - NYAlertViewController
  - RESideMenu (~> 4.0.7)
  - SVProgressHUD
  - UITextField+Shake (~> 1.1)
  - YYWebImage

SPEC CHECKSUMS:
  AWSCognitoIdentityProvider: 1c74bb819fc5f74a708a4a8e0be8b235a959ab86
  AWSCore: 7c3c129991e6387bcbad7132bc3661e7135754db
  IQKeyboardManager: 69002bb4fea60596b710e57d426abc00e5063630
  JGActionSheet: 2cfca820b57a11ec4b4a5655d45ee599fbeddc05
  JVFloatLabeledTextField: 0e5524b097f102036214dd8279edc8ecf08b5e18
  MGSwipeTableCell: 616700eb0ffd1c611ba909066cb7fd739790a0a7
  NYAlertViewController: b93f82e2c1fc6d5e9485512ddbe7b481f463a074
  RESideMenu: f24c508404b49c667344c54aba7e590883533958
  SVProgressHUD: c404a55d78acbeb7ebb78b76d3faf986475a6994
  UITextField+Shake: 47cc0429dafb3da580686339ad2da091249a8ea2
  YYCache: 8105b6638f5e849296c71f331ff83891a4942952
  YYImage: 1e1b62a9997399593e4b9c4ecfbbabbf1d3f3b54
  YYWebImage: 5f7f36aee2ae293f016d418c7d6ba05c4863e928

PODFILE CHECKSUM: eb705eb14d7bce997563bdde667e00d6bb616ee0

COCOAPODS: 1.2.0
